// !$*UTF8*$!
{
	archiveVersion = 1;
	classes = {
	};
	objectVersion = 52;
	objects = {

/* Begin PBXBuildFile section */
		BB377C0C248C8D3800E7E64E /* AppDelegate.swift in Sources */ = {isa = PBXBuildFile; fileRef = BB377C0B248C8D3800E7E64E /* AppDelegate.swift */; };
		BB377C0E248C8D3800E7E64E /* SceneDelegate.swift in Sources */ = {isa = PBXBuildFile; fileRef = BB377C0D248C8D3800E7E64E /* SceneDelegate.swift */; };
		BB377C10248C8D3800E7E64E /* PatientFormViewController.swift in Sources */ = {isa = PBXBuildFile; fileRef = BB377C0F248C8D3800E7E64E /* PatientFormViewController.swift */; };
		BB377C13248C8D3800E7E64E /* Main.storyboard in Resources */ = {isa = PBXBuildFile; fileRef = BB377C11248C8D3800E7E64E /* Main.storyboard */; };
		BB377C16248C8D3800E7E64E /* Details.xcdatamodeld in Sources */ = {isa = PBXBuildFile; fileRef = BB377C14248C8D3800E7E64E /* Details.xcdatamodeld */; };
		BB377C18248C8D3900E7E64E /* Assets.xcassets in Resources */ = {isa = PBXBuildFile; fileRef = BB377C17248C8D3900E7E64E /* Assets.xcassets */; };
		BB377C1B248C8D3900E7E64E /* LaunchScreen.storyboard in Resources */ = {isa = PBXBuildFile; fileRef = BB377C19248C8D3900E7E64E /* LaunchScreen.storyboard */; };
		BB377C27248C8DE100E7E64E /* Eureka in Frameworks */ = {isa = PBXBuildFile; productRef = BB377C26248C8DE100E7E64E /* Eureka */; };
		BB8B458D248CF0680034EE96 /* ChoiceViewController.swift in Sources */ = {isa = PBXBuildFile; fileRef = BB8B458C248CF0680034EE96 /* ChoiceViewController.swift */; };
		BBD6978F248C9E560075F845 /* Search.swift in Sources */ = {isa = PBXBuildFile; fileRef = BBD6978E248C9E560075F845 /* Search.swift */; };
/* End PBXBuildFile section */

/* Begin PBXFileReference section */
		BB377C08248C8D3800E7E64E /* formtesting.app */ = {isa = PBXFileReference; explicitFileType = wrapper.application; includeInIndex = 0; path = formtesting.app; sourceTree = BUILT_PRODUCTS_DIR; };
		BB377C0B248C8D3800E7E64E /* AppDelegate.swift */ = {isa = PBXFileReference; lastKnownFileType = sourcecode.swift; path = AppDelegate.swift; sourceTree = "<group>"; };
		BB377C0D248C8D3800E7E64E /* SceneDelegate.swift */ = {isa = PBXFileReference; lastKnownFileType = sourcecode.swift; path = SceneDelegate.swift; sourceTree = "<group>"; };
		BB377C0F248C8D3800E7E64E /* PatientFormViewController.swift */ = {isa = PBXFileReference; lastKnownFileType = sourcecode.swift; path = PatientFormViewController.swift; sourceTree = "<group>"; };
		BB377C12248C8D3800E7E64E /* Base */ = {isa = PBXFileReference; lastKnownFileType = file.storyboard; name = Base; path = Base.lproj/Main.storyboard; sourceTree = "<group>"; };
		BB377C15248C8D3800E7E64E /* formtesting.xcdatamodel */ = {isa = PBXFileReference; lastKnownFileType = wrapper.xcdatamodel; path = formtesting.xcdatamodel; sourceTree = "<group>"; };
		BB377C17248C8D3900E7E64E /* Assets.xcassets */ = {isa = PBXFileReference; lastKnownFileType = folder.assetcatalog; path = Assets.xcassets; sourceTree = "<group>"; };
		BB377C1A248C8D3900E7E64E /* Base */ = {isa = PBXFileReference; lastKnownFileType = file.storyboard; name = Base; path = Base.lproj/LaunchScreen.storyboard; sourceTree = "<group>"; };
		BB377C1C248C8D3900E7E64E /* Info.plist */ = {isa = PBXFileReference; lastKnownFileType = text.plist.xml; path = Info.plist; sourceTree = "<group>"; };
		BB8B458C248CF0680034EE96 /* ChoiceViewController.swift */ = {isa = PBXFileReference; lastKnownFileType = sourcecode.swift; path = ChoiceViewController.swift; sourceTree = "<group>"; };
		BBD6978E248C9E560075F845 /* Search.swift */ = {isa = PBXFileReference; lastKnownFileType = sourcecode.swift; path = Search.swift; sourceTree = "<group>"; };
/* End PBXFileReference section */

/* Begin PBXFrameworksBuildPhase section */
		BB377C05248C8D3800E7E64E /* Frameworks */ = {
			isa = PBXFrameworksBuildPhase;
			buildActionMask = 2147483647;
			files = (
				BB377C27248C8DE100E7E64E /* Eureka in Frameworks */,
			);
			runOnlyForDeploymentPostprocessing = 0;
		};
/* End PBXFrameworksBuildPhase section */

/* Begin PBXGroup section */
		BB377BFF248C8D3700E7E64E = {
			isa = PBXGroup;
			children = (
				BB377C0A248C8D3800E7E64E /* formtesting */,
				BB377C09248C8D3800E7E64E /* Products */,
			);
			sourceTree = "<group>";
		};
		BB377C09248C8D3800E7E64E /* Products */ = {
			isa = PBXGroup;
			children = (
				BB377C08248C8D3800E7E64E /* formtesting.app */,
			);
			name = Products;
			sourceTree = "<group>";
		};
		BB377C0A248C8D3800E7E64E /* formtesting */ = {
			isa = PBXGroup;
			children = (
				BB377C0B248C8D3800E7E64E /* AppDelegate.swift */,
				BB377C0D248C8D3800E7E64E /* SceneDelegate.swift */,
				BB377C24248C8D5A00E7E64E /* Model */,
				BB377C23248C8D5100E7E64E /* View */,
				BB377C22248C8D4100E7E64E /* Controller */,
				BB377C17248C8D3900E7E64E /* Assets.xcassets */,
				BB377C19248C8D3900E7E64E /* LaunchScreen.storyboard */,
				BB377C1C248C8D3900E7E64E /* Info.plist */,
			);
			path = formtesting;
			sourceTree = "<group>";
		};
		BB377C22248C8D4100E7E64E /* Controller */ = {
			isa = PBXGroup;
			children = (
				BB8B458C248CF0680034EE96 /* ChoiceViewController.swift */,
				BB377C0F248C8D3800E7E64E /* PatientFormViewController.swift */,
				BBD6978E248C9E560075F845 /* Search.swift */,
			);
			path = Controller;
			sourceTree = "<group>";
		};
		BB377C23248C8D5100E7E64E /* View */ = {
			isa = PBXGroup;
			children = (
				BB377C11248C8D3800E7E64E /* Main.storyboard */,
			);
			path = View;
			sourceTree = "<group>";
		};
		BB377C24248C8D5A00E7E64E /* Model */ = {
			isa = PBXGroup;
			children = (
				BB377C14248C8D3800E7E64E /* Details.xcdatamodeld */,
			);
			path = Model;
			sourceTree = "<group>";
		};
/* End PBXGroup section */

/* Begin PBXNativeTarget section */
		BB377C07248C8D3800E7E64E /* formtesting */ = {
			isa = PBXNativeTarget;
			buildConfigurationList = BB377C1F248C8D3900E7E64E /* Build configuration list for PBXNativeTarget "formtesting" */;
			buildPhases = (
				BB377C04248C8D3800E7E64E /* Sources */,
				BB377C05248C8D3800E7E64E /* Frameworks */,
				BB377C06248C8D3800E7E64E /* Resources */,
			);
			buildRules = (
			);
			dependencies = (
			);
			name = formtesting;
			packageProductDependencies = (
				BB377C26248C8DE100E7E64E /* Eureka */,
			);
			productName = formtesting;
			productReference = BB377C08248C8D3800E7E64E /* formtesting.app */;
			productType = "com.apple.product-type.application";
		};
/* End PBXNativeTarget section */

/* Begin PBXProject section */
		BB377C00248C8D3700E7E64E /* Project object */ = {
			isa = PBXProject;
			attributes = {
				LastSwiftUpdateCheck = 1130;
				LastUpgradeCheck = 1130;
				ORGANIZATIONNAME = "Devang Pawar";
				TargetAttributes = {
					BB377C07248C8D3800E7E64E = {
						CreatedOnToolsVersion = 11.3.1;
					};
				};
			};
			buildConfigurationList = BB377C03248C8D3700E7E64E /* Build configuration list for PBXProject "formtesting" */;
			compatibilityVersion = "Xcode 9.3";
			developmentRegion = en;
			hasScannedForEncodings = 0;
			knownRegions = (
				en,
				Base,
			);
			mainGroup = BB377BFF248C8D3700E7E64E;
			packageReferences = (
				BB377C25248C8DE100E7E64E /* XCRemoteSwiftPackageReference "Eureka" */,
			);
			productRefGroup = BB377C09248C8D3800E7E64E /* Products */;
			projectDirPath = "";
			projectRoot = "";
			targets = (
				BB377C07248C8D3800E7E64E /* formtesting */,
			);
		};
/* End PBXProject section */

/* Begin PBXResourcesBuildPhase section */
		BB377C06248C8D3800E7E64E /* Resources */ = {
			isa = PBXResourcesBuildPhase;
			buildActionMask = 2147483647;
			files = (
				BB377C1B248C8D3900E7E64E /* LaunchScreen.storyboard in Resources */,
				BB377C18248C8D3900E7E64E /* Assets.xcassets in Resources */,
				BB377C13248C8D3800E7E64E /* Main.storyboard in Resources */,
			);
			runOnlyForDeploymentPostprocessing = 0;
		};
/* End PBXResourcesBuildPhase section */

/* Begin PBXSourcesBuildPhase section */
		BB377C04248C8D3800E7E64E /* Sources */ = {
			isa = PBXSourcesBuildPhase;
			buildActionMask = 2147483647;
			files = (
				BB377C10248C8D3800E7E64E /* PatientFormViewController.swift in Sources */,
				BB8B458D248CF0680034EE96 /* ChoiceViewController.swift in Sources */,
				BB377C0C248C8D3800E7E64E /* AppDelegate.swift in Sources */,
				BBD6978F248C9E560075F845 /* Search.swift in Sources */,
				BB377C16248C8D3800E7E64E /* Details.xcdatamodeld in Sources */,
				BB377C0E248C8D3800E7E64E /* SceneDelegate.swift in Sources */,
			);
			runOnlyForDeploymentPostprocessing = 0;
		};
/* End PBXSourcesBuildPhase section */

/* Begin PBXVariantGroup section */
		BB377C11248C8D3800E7E64E /* Main.storyboard */ = {
			isa = PBXVariantGroup;
			children = (
				BB377C12248C8D3800E7E64E /* Base */,
			);
			name = Main.storyboard;
			sourceTree = "<group>";
		};
		BB377C19248C8D3900E7E64E /* LaunchScreen.storyboard */ = {
			isa = PBXVariantGroup;
			children = (
				BB377C1A248C8D3900E7E64E /* Base */,
			);
			name = LaunchScreen.storyboard;
			sourceTree = "<group>";
		};
/* End PBXVariantGroup section */

/* Begin XCBuildConfiguration section */
		BB377C1D248C8D3900E7E64E /* Debug */ = {
			isa = XCBuildConfiguration;
			buildSettings = {
				ALWAYS_SEARCH_USER_PATHS = NO;
				CLANG_ANALYZER_NONNULL = YES;
				CLANG_ANALYZER_NUMBER_OBJECT_CONVERSION = YES_AGGRESSIVE;
				CLANG_CXX_LANGUAGE_STANDARD = "gnu++14";
				CLANG_CXX_LIBRARY = "libc++";
				CLANG_ENABLE_MODULES = YES;
				CLANG_ENABLE_OBJC_ARC = YES;
				CLANG_ENABLE_OBJC_WEAK = YES;
				CLANG_WARN_BLOCK_CAPTURE_AUTORELEASING = YES;
				CLANG_WARN_BOOL_CONVERSION = YES;
				CLANG_WARN_COMMA = YES;
				CLANG_WARN_CONSTANT_CONVERSION = YES;
				CLANG_WARN_DEPRECATED_OBJC_IMPLEMENTATIONS = YES;
				CLANG_WARN_DIRECT_OBJC_ISA_USAGE = YES_ERROR;
				CLANG_WARN_DOCUMENTATION_COMMENTS = YES;
				CLANG_WARN_EMPTY_BODY = YES;
				CLANG_WARN_ENUM_CONVERSION = YES;
				CLANG_WARN_INFINITE_RECURSION = YES;
				CLANG_WARN_INT_CONVERSION = YES;
				CLANG_WARN_NON_LITERAL_NULL_CONVERSION = YES;
				CLANG_WARN_OBJC_IMPLICIT_RETAIN_SELF = YES;
				CLANG_WARN_OBJC_LITERAL_CONVERSION = YES;
				CLANG_WARN_OBJC_ROOT_CLASS = YES_ERROR;
				CLANG_WARN_RANGE_LOOP_ANALYSIS = YES;
				CLANG_WARN_STRICT_PROTOTYPES = YES;
				CLANG_WARN_SUSPICIOUS_MOVE = YES;
				CLANG_WARN_UNGUARDED_AVAILABILITY = YES_AGGRESSIVE;
				CLANG_WARN_UNREACHABLE_CODE = YES;
				CLANG_WARN__DUPLICATE_METHOD_MATCH = YES;
				COPY_PHASE_STRIP = NO;
				DEBUG_INFORMATION_FORMAT = dwarf;
				ENABLE_STRICT_OBJC_MSGSEND = YES;
				ENABLE_TESTABILITY = YES;
				GCC_C_LANGUAGE_STANDARD = gnu11;
				GCC_DYNAMIC_NO_PIC = NO;
				GCC_NO_COMMON_BLOCKS = YES;
				GCC_OPTIMIZATION_LEVEL = 0;
				GCC_PREPROCESSOR_DEFINITIONS = (
					"DEBUG=1",
					"$(inherited)",
				);
				GCC_WARN_64_TO_32_BIT_CONVERSION = YES;
				GCC_WARN_ABOUT_RETURN_TYPE = YES_ERROR;
				GCC_WARN_UNDECLARED_SELECTOR = YES;
				GCC_WARN_UNINITIALIZED_AUTOS = YES_AGGRESSIVE;
				GCC_WARN_UNUSED_FUNCTION = YES;
				GCC_WARN_UNUSED_VARIABLE = YES;
				IPHONEOS_DEPLOYMENT_TARGET = 13.2;
				MTL_ENABLE_DEBUG_INFO = INCLUDE_SOURCE;
				MTL_FAST_MATH = YES;
				ONLY_ACTIVE_ARCH = YES;
				SDKROOT = iphoneos;
				SWIFT_ACTIVE_COMPILATION_CONDITIONS = DEBUG;
				SWIFT_OPTIMIZATION_LEVEL = "-Onone";
			};
			name = Debug;
		};
		BB377C1E248C8D3900E7E64E /* Release */ = {
			isa = XCBuildConfiguration;
			buildSettings = {
				ALWAYS_SEARCH_USER_PATHS = NO;
				CLANG_ANALYZER_NONNULL = YES;
				CLANG_ANALYZER_NUMBER_OBJECT_CONVERSION = YES_AGGRESSIVE;
				CLANG_CXX_LANGUAGE_STANDARD = "gnu++14";
				CLANG_CXX_LIBRARY = "libc++";
				CLANG_ENABLE_MODULES = YES;
				CLANG_ENABLE_OBJC_ARC = YES;
				CLANG_ENABLE_OBJC_WEAK = YES;
				CLANG_WARN_BLOCK_CAPTURE_AUTORELEASING = YES;
				CLANG_WARN_BOOL_CONVERSION = YES;
				CLANG_WARN_COMMA = YES;
				CLANG_WARN_CONSTANT_CONVERSION = YES;
				CLANG_WARN_DEPRECATED_OBJC_IMPLEMENTATIONS = YES;
				CLANG_WARN_DIRECT_OBJC_ISA_USAGE = YES_ERROR;
				CLANG_WARN_DOCUMENTATION_COMMENTS = YES;
				CLANG_WARN_EMPTY_BODY = YES;
				CLANG_WARN_ENUM_CONVERSION = YES;
				CLANG_WARN_INFINITE_RECURSION = YES;
				CLANG_WARN_INT_CONVERSION = YES;
				CLANG_WARN_NON_LITERAL_NULL_CONVERSION = YES;
				CLANG_WARN_OBJC_IMPLICIT_RETAIN_SELF = YES;
				CLANG_WARN_OBJC_LITERAL_CONVERSION = YES;
				CLANG_WARN_OBJC_ROOT_CLASS = YES_ERROR;
				CLANG_WARN_RANGE_LOOP_ANALYSIS = YES;
				CLANG_WARN_STRICT_PROTOTYPES = YES;
				CLANG_WARN_SUSPICIOUS_MOVE = YES;
				CLANG_WARN_UNGUARDED_AVAILABILITY = YES_AGGRESSIVE;
				CLANG_WARN_UNREACHABLE_CODE = YES;
				CLANG_WARN__DUPLICATE_METHOD_MATCH = YES;
				COPY_PHASE_STRIP = NO;
				DEBUG_INFORMATION_FORMAT = "dwarf-with-dsym";
				ENABLE_NS_ASSERTIONS = NO;
				ENABLE_STRICT_OBJC_MSGSEND = YES;
				GCC_C_LANGUAGE_STANDARD = gnu11;
				GCC_NO_COMMON_BLOCKS = YES;
				GCC_WARN_64_TO_32_BIT_CONVERSION = YES;
				GCC_WARN_ABOUT_RETURN_TYPE = YES_ERROR;
				GCC_WARN_UNDECLARED_SELECTOR = YES;
				GCC_WARN_UNINITIALIZED_AUTOS = YES_AGGRESSIVE;
				GCC_WARN_UNUSED_FUNCTION = YES;
				GCC_WARN_UNUSED_VARIABLE = YES;
				IPHONEOS_DEPLOYMENT_TARGET = 13.2;
				MTL_ENABLE_DEBUG_INFO = NO;
				MTL_FAST_MATH = YES;
				SDKROOT = iphoneos;
				SWIFT_COMPILATION_MODE = wholemodule;
				SWIFT_OPTIMIZATION_LEVEL = "-O";
				VALIDATE_PRODUCT = YES;
			};
			name = Release;
		};
		BB377C20248C8D3900E7E64E /* Debug */ = {
			isa = XCBuildConfiguration;
			buildSettings = {
				ASSETCATALOG_COMPILER_APPICON_NAME = AppIcon;
				CODE_SIGN_STYLE = Automatic;
				DEVELOPMENT_TEAM = 9Q82HQ8DCD;
				INFOPLIST_FILE = formtesting/Info.plist;
				LD_RUNPATH_SEARCH_PATHS = (
					"$(inherited)",
					"@executable_path/Frameworks",
				);
				PRODUCT_BUNDLE_IDENTIFIER = com.pawar.devang.formtesting;
				PRODUCT_NAME = "$(TARGET_NAME)";
				SWIFT_VERSION = 5.0;
				TARGETED_DEVICE_FAMILY = "1,2";
			};
			name = Debug;
		};
		BB377C21248C8D3900E7E64E /* Release */ = {
			isa = XCBuildConfiguration;
			buildSettings = {
				ASSETCATALOG_COMPILER_APPICON_NAME = AppIcon;
				CODE_SIGN_STYLE = Automatic;
				DEVELOPMENT_TEAM = 9Q82HQ8DCD;
				INFOPLIST_FILE = formtesting/Info.plist;
				LD_RUNPATH_SEARCH_PATHS = (
					"$(inherited)",
					"@executable_path/Frameworks",
				);
				PRODUCT_BUNDLE_IDENTIFIER = com.pawar.devang.formtesting;
				PRODUCT_NAME = "$(TARGET_NAME)";
				SWIFT_VERSION = 5.0;
				TARGETED_DEVICE_FAMILY = "1,2";
			};
			name = Release;
		};
/* End XCBuildConfiguration section */

/* Begin XCConfigurationList section */
		BB377C03248C8D3700E7E64E /* Build configuration list for PBXProject "formtesting" */ = {
			isa = XCConfigurationList;
			buildConfigurations = (
				BB377C1D248C8D3900E7E64E /* Debug */,
				BB377C1E248C8D3900E7E64E /* Release */,
			);
			defaultConfigurationIsVisible = 0;
			defaultConfigurationName = Release;
		};
		BB377C1F248C8D3900E7E64E /* Build configuration list for PBXNativeTarget "formtesting" */ = {
			isa = XCConfigurationList;
			buildConfigurations = (
				BB377C20248C8D3900E7E64E /* Debug */,
				BB377C21248C8D3900E7E64E /* Release */,
			);
			defaultConfigurationIsVisible = 0;
			defaultConfigurationName = Release;
		};
/* End XCConfigurationList section */

/* Begin XCRemoteSwiftPackageReference section */
		BB377C25248C8DE100E7E64E /* XCRemoteSwiftPackageReference "Eureka" */ = {
			isa = XCRemoteSwiftPackageReference;
			repositoryURL = "https://github.com/xmartlabs/Eureka.git";
			requirement = {
				kind = upToNextMajorVersion;
				minimumVersion = 5.2.1;
			};
		};
/* End XCRemoteSwiftPackageReference section */

/* Begin XCSwiftPackageProductDependency section */
		BB377C26248C8DE100E7E64E /* Eureka */ = {
			isa = XCSwiftPackageProductDependency;
			package = BB377C25248C8DE100E7E64E /* XCRemoteSwiftPackageReference "Eureka" */;
			productName = Eureka;
		};
/* End XCSwiftPackageProductDependency section */

/* Begin XCVersionGroup section */
		BB377C14248C8D3800E7E64E /* Details.xcdatamodeld */ = {
			isa = XCVersionGroup;
			children = (
				BB377C15248C8D3800E7E64E /* formtesting.xcdatamodel */,
			);
			currentVersion = BB377C15248C8D3800E7E64E /* formtesting.xcdatamodel */;
			path = Details.xcdatamodeld;
			sourceTree = "<group>";
			versionGroupType = wrapper.xcdatamodel;
		};
/* End XCVersionGroup section */
	};
	rootObject = BB377C00248C8D3700E7E64E /* Project object */;
}
